Microsoft Visual Studio Solution File, Format Version 12.00
# Visual Studio Version 17
VisualStudioVersion = 17.5.2.0
MinimumVisualStudioVersion = 10.0.40219.1
Project("{FAE04EC0-301F-11D3-BF4B-00C04F79EFBC}") = "Medcard.API", "Medcard.API.csproj", "{BBAD1DBF-C1CD-D90B-33AD-0BAAF216F7EB}"
EndProject
Global
	GlobalSection(SolutionConfigurationPlatforms) = preSolution
		Debug|Any CPU = Debug|Any CPU
		Release|Any CPU = Release|Any CPU
	EndGlobalSection
	GlobalSection(ProjectConfigurationPlatforms) = postSolution
		{BBAD1DBF-C1CD-D90B-33AD-0BAAF216F7EB}.Debug|Any CPU.ActiveCfg = Debug|Any CPU
		{BBAD1DBF-C1CD-D90B-33AD-0BAAF216F7EB}.Debug|Any CPU.Build.0 = Debug|Any CPU
		{BBAD1DBF-C1CD-D90B-33AD-0BAAF216F7EB}.Release|Any CPU.ActiveCfg = Release|Any CPU
		{BBAD1DBF-C1CD-D90B-33AD-0BAAF216F7EB}.Release|Any CPU.Build.0 = Release|Any CPU
	EndGlobalSection
	GlobalSection(SolutionProperties) = preSolution
		HideSolutionNode = FALSE
	EndGlobalSection
	GlobalSection(ExtensibilityGlobals) = postSolution
		SolutionGuid = {DAE7AB74-7D24-438F-BFF9-D2E8E1753003}
	EndGlobalSection
EndGlobal
